
Microsoft Visual Studio Solution File, Format Version 12.00
# Visual Studio Version 17
VisualStudioVersion = 17.5.2.0
MinimumVisualStudioVersion = 10.0.40219.1
Project("{2150E333-8FDC-42A3-9474-1A3956D46DE8}") = "Platform", "Platform", "{D1267F64-3B2C-437E-228A-D79E2474394F}"
EndProject
Project("{2150E333-8FDC-42A3-9474-1A3956D46DE8}") = "Rest", "Rest", "{F410AE33-8CDA-F04C-0BCD-4DC1C99256E1}"
EndProject
Project("{2150E333-8FDC-42A3-9474-1A3956D46DE8}") = "JK.Platform.Rest.Server", "JK.Platform.Rest.Server", "{ABEF4B3B-95AC-00CF-CA89-591C6C7EC3F8}"
EndProject
Project("{FAE04EC0-301F-11D3-BF4B-00C04F79EFBC}") = "JK.Platform.Rest.Server", "Platform\Rest\JK.Platform.Rest.Server\JK.Platform.Rest.Server\JK.Platform.Rest.Server.csproj", "{411DC718-5FE1-4C61-B2DE-D89893D675EB}"
EndProject
Project("{2150E333-8FDC-42A3-9474-1A3956D46DE8}") = "Core", "Core", "{E6F4D9F0-9F2D-4D9B-8B6D-1234567890AB}"
EndProject
Project("{FAE04EC0-301F-11D3-BF4B-00C04F79EFBC}") = "JK.Platform.Core", "Platform\Core\JK.Platform.Core\JK.Platform.Core.csproj", "{5C1C4B9A-9D3A-4F0E-9A38-111122223333}"
EndProject
Project("{FAE04EC0-301F-11D3-BF4B-00C04F79EFBC}") = "JK.Platform.Core.AspNetCore", "Platform\Core\JK.Platform.Core.AspNetCore\JK.Platform.Core.AspNetCore.csproj", "{6D2D5C0B-AAAA-4E1F-8B39-444455556666}"
EndProject
Project("{2150E333-8FDC-42A3-9474-1A3956D46DE8}") = "Api", "Api", "{B57A80AD-35AA-43D8-9253-BF2E268A4E1C}"
EndProject
Project("{2150E333-8FDC-42A3-9474-1A3956D46DE8}") = "Backend", "Backend", "{A8C91B12-3D4E-5F60-B7C8-D9E0F1A2B3C4}"
EndProject
Project("{FAE04EC0-301F-11D3-BF4B-00C04F79EFBC}") = "JK.Configuration.CZ", "Api\JK.Configuration.CZ\JK.Configuration.CZ.csproj", "{3EED7BD5-B7FF-4852-9D2D-6417B4D6E762}"
EndProject
Project("{FAE04EC0-301F-11D3-BF4B-00C04F79EFBC}") = "JK.Order.CZ", "Api\JK.Order.CZ\JK.Order.CZ.csproj", "{D5E2C7A1-8F3B-4D2C-A7B8-9C0D1E2F3A4B}"
EndProject
Project("{2150E333-8FDC-42A3-9474-1A3956D46DE8}") = "Modules", "Modules", "{8A508722-3C88-46F7-9547-4230017EBBD5}"
EndProject
Project("{2150E333-8FDC-42A3-9474-1A3956D46DE8}") = "Configuration", "Configuration", "{3A0A877D-A9E7-4D88-9493-5224F86F19B0}"
EndProject
Project("{2150E333-8FDC-42A3-9474-1A3956D46DE8}") = "Order", "Order", "{F9B4B8C2-2C7E-4F1C-9F1E-1234567890AB}"
EndProject
Project("{FAE04EC0-301F-11D3-BF4B-00C04F79EFBC}") = "JK.Configuration.Proto", "Modules\Configuration\JK.Configuration.Proto\JK.Configuration.Proto.csproj", "{6ABE23B9-1ACB-4EB5-A9F4-3D0340EB9DC9}"
EndProject
Project("{FAE04EC0-301F-11D3-BF4B-00C04F79EFBC}") = "JK.Configuration.Contracts", "Modules\Configuration\JK.Configuration.Contracts\JK.Configuration.Contracts.csproj", "{7A849344-2DC5-41BA-AB7E-614B78FA6E56}"
EndProject
Project("{FAE04EC0-301F-11D3-BF4B-00C04F79EFBC}") = "JK.Configuration.Client.Grpc", "Modules\Configuration\JK.Configuration.Client.Grpc\JK.Configuration.Client.Grpc.csproj", "{59924086-D23E-42D7-A853-C89152B29796}"
EndProject
Project("{FAE04EC0-301F-11D3-BF4B-00C04F79EFBC}") = "JK.Configuration", "Modules\Configuration\JK.Configuration\JK.Configuration.csproj", "{1904830E-ED66-4B8E-8C5B-271DC2D7377A}"
EndProject
Project("{FAE04EC0-301F-11D3-BF4B-00C04F79EFBC}") = "JK.Order.Contracts", "Modules\Order\JK.Order.Contracts\JK.Order.Contracts.csproj", "{3D0A5A98-7F2B-4B0E-9D93-1F2C3B4A5D6E}"
EndProject
Project("{FAE04EC0-301F-11D3-BF4B-00C04F79EFBC}") = "JK.Order.Proto", "Modules\Order\JK.Order.Proto\JK.Order.Proto.csproj", "{4E1B6C09-8A3C-4F1D-A2E4-7C8D9E0A1B2C}"
EndProject
Project("{FAE04EC0-301F-11D3-BF4B-00C04F79EFBC}") = "JK.Order.Client.Grpc", "Modules\Order\JK.Order.Client.Grpc\JK.Order.Client.Grpc.csproj", "{C982C0D9-C602-4C4C-8447-ADA9F25D2F2A}"
EndProject
Project("{FAE04EC0-301F-11D3-BF4B-00C04F79EFBC}") = "JK.Order", "Modules\Order\JK.Order\JK.Order.csproj", "{5F2C7D1A-9B4E-4C2F-B3D5-8E9F0A1B2C3D}"
EndProject
Project("{2150E333-8FDC-42A3-9474-1A3956D46DE8}") = "Playground", "Playground", "{1A6EE2CC-713B-42A0-8241-92705EBA86A5}"
EndProject
Project("{FAE04EC0-301F-11D3-BF4B-00C04F79EFBC}") = "JK.Playground", "Playground\JK.Playground.csproj", "{C14EEC1B-A1D5-4FFD-9A1B-155DC6A1B1F3}"
EndProject
Project("{FAE04EC0-301F-11D3-BF4B-00C04F79EFBC}") = "JK.Platform.Core.Abstraction", "Platform\Core\JK.Platform.Core.Abstraction\JK.Platform.Core.Abstraction.csproj", "{27BF9325-6FDD-4C58-96EA-9139DE2ECB29}"
EndProject
Project("{2150E333-8FDC-42A3-9474-1A3956D46DE8}") = "Http", "Http", "{32C581FB-5674-418A-B5B8-B9F7A460F75A}"
EndProject
Project("{FAE04EC0-301F-11D3-BF4B-00C04F79EFBC}") = "JK.Platform.Http", "Platform\Http\JK.Platform.Http\JK.Platform.Http.csproj", "{89D12623-19B5-4F83-8636-C3DDE5A23A59}"
EndProject
Project("{FAE04EC0-301F-11D3-BF4B-00C04F79EFBC}") = "JK.Platform.Rest.Swagger", "Platform\Rest\JK.Platform.Rest.Swagger\JK.Platform.Rest.Swagger.csproj", "{C6B67815-8B38-44A7-B58C-7F6B38B9E216}"
EndProject
Project("{2150E333-8FDC-42A3-9474-1A3956D46DE8}") = "Grpc", "Grpc", "{7D411742-2E35-402B-940D-E4492BEB1F87}"
EndProject
Project("{FAE04EC0-301F-11D3-BF4B-00C04F79EFBC}") = "JK.Platform.Grpc.Abstraction", "Platform\Grpc\JK.Platform.Grpc.Abstraction\JK.Platform.Grpc.Abstraction.csproj", "{794CACBE-57E4-4F5E-A7CD-1A561EDEAFAC}"
EndProject
Project("{FAE04EC0-301F-11D3-BF4B-00C04F79EFBC}") = "JK.Platform.Grpc.Server", "Platform\Grpc\JK.Platform.Grpc.Server\JK.Platform.Grpc.Server.csproj", "{B442D12D-C639-41E1-944E-D648DC5FA292}"
EndProject
Project("{FAE04EC0-301F-11D3-BF4B-00C04F79EFBC}") = "JK.Configuration.Provider", "Modules\Configuration\JK.Configuration.Provider\JK.Configuration.Provider.csproj", "{CE522E3C-DF2C-41B8-8E76-238ED2EE120C}"
EndProject
Project("{FAE04EC0-301F-11D3-BF4B-00C04F79EFBC}") = "JK.Platform.Grpc.Client", "Platform\Grpc\JK.Platform.Grpc.Client\JK.Platform.Grpc.Client.csproj", "{AB5A4F85-CB09-484F-B38F-EFC57A63043C}"
EndProject
Project("{2150E333-8FDC-42A3-9474-1A3956D46DE8}") = "Persistance", "Persistance", "{072F74E1-2450-48D3-A645-0ABEB61C0CFF}"
EndProject
Project("{FAE04EC0-301F-11D3-BF4B-00C04F79EFBC}") = "JK.Platform.Persistence.EfCore", "Platform\Persistance\JK.Platform.Persistence.EfCore\JK.Platform.Persistence.EfCore.csproj", "{D848EF53-DB4F-4C10-9832-49436502FE47}"
EndProject
Project("{FAE04EC0-301F-11D3-BF4B-00C04F79EFBC}") = "JK.Platform.Core.Persistence", "Platform\Core\JK.Platform.Core.Persistence\JK.Platform.Core.Persistence.csproj", "{9B54AF7E-66E2-466D-8FF6-1AD262B89742}"
EndProject
Project("{FAE04EC0-301F-11D3-BF4B-00C04F79EFBC}") = "JK.Backend.Migrations", "JK.Backend.Migrations\JK.Backend.Migrations.csproj", "{2DD30B80-363F-4E50-9A5E-A1CED73B5DE1}"
EndProject
Project("{FAE04EC0-301F-11D3-BF4B-00C04F79EFBC}") = "JK.Configuration.Database", "Modules\Configuration\JK.Configuration.Database\JK.Configuration.Database.csproj", "{ECC8405E-6F0D-40D0-8727-F16169170542}"
EndProject
Project("{FAE04EC0-301F-11D3-BF4B-00C04F79EFBC}") = "JK.Order.Database", "Modules\Order\JK.Order.Database\JK.Order.Database.csproj", "{E22D21F7-BD03-498E-B590-159B29A5E1A3}"
EndProject
Project("{2150E333-8FDC-42A3-9474-1A3956D46DE8}") = "Tools", "Tools", "{07C2787E-EAC7-C090-1BA3-A61EC2A24D84}"
EndProject
Project("{FAE04EC0-301F-11D3-BF4B-00C04F79EFBC}") = "JK.Migrations.Cli", "Tools\JK.Migrations.Cli\JK.Migrations.Cli.csproj", "{B6F2F2CB-A23F-4171-B187-25D16701BA56}"
EndProject
Global
	GlobalSection(SolutionConfigurationPlatforms) = preSolution
		Debug|Any CPU = Debug|Any CPU
		Debug|x64 = Debug|x64
		Debug|x86 = Debug|x86
		Local-Dev|Any CPU = Local-Dev|Any CPU
		Local-Dev|x64 = Local-Dev|x64
		Local-Dev|x86 = Local-Dev|x86
		Release|Any CPU = Release|Any CPU
		Release|x64 = Release|x64
		Release|x86 = Release|x86
	EndGlobalSection
	GlobalSection(ProjectConfigurationPlatforms) = postSolution
		{411DC718-5FE1-4C61-B2DE-D89893D675EB}.Debug|Any CPU.ActiveCfg = Debug|Any CPU
		{411DC718-5FE1-4C61-B2DE-D89893D675EB}.Debug|Any CPU.Build.0 = Debug|Any CPU
		{411DC718-5FE1-4C61-B2DE-D89893D675EB}.Debug|x64.ActiveCfg = Debug|Any CPU
		{411DC718-5FE1-4C61-B2DE-D89893D675EB}.Debug|x64.Build.0 = Debug|Any CPU
		{411DC718-5FE1-4C61-B2DE-D89893D675EB}.Debug|x86.ActiveCfg = Debug|Any CPU
		{411DC718-5FE1-4C61-B2DE-D89893D675EB}.Debug|x86.Build.0 = Debug|Any CPU
		{411DC718-5FE1-4C61-B2DE-D89893D675EB}.Local-Dev|Any CPU.ActiveCfg = Local-Dev|Any CPU
		{411DC718-5FE1-4C61-B2DE-D89893D675EB}.Local-Dev|Any CPU.Build.0 = Local-Dev|Any CPU
		{411DC718-5FE1-4C61-B2DE-D89893D675EB}.Local-Dev|x64.ActiveCfg = Local-Dev|Any CPU
		{411DC718-5FE1-4C61-B2DE-D89893D675EB}.Local-Dev|x64.Build.0 = Local-Dev|Any CPU
		{411DC718-5FE1-4C61-B2DE-D89893D675EB}.Local-Dev|x86.ActiveCfg = Local-Dev|Any CPU
		{411DC718-5FE1-4C61-B2DE-D89893D675EB}.Local-Dev|x86.Build.0 = Local-Dev|Any CPU
		{411DC718-5FE1-4C61-B2DE-D89893D675EB}.Release|Any CPU.ActiveCfg = Release|Any CPU
		{411DC718-5FE1-4C61-B2DE-D89893D675EB}.Release|Any CPU.Build.0 = Release|Any CPU
		{411DC718-5FE1-4C61-B2DE-D89893D675EB}.Release|x64.ActiveCfg = Release|Any CPU
		{411DC718-5FE1-4C61-B2DE-D89893D675EB}.Release|x64.Build.0 = Release|Any CPU
		{411DC718-5FE1-4C61-B2DE-D89893D675EB}.Release|x86.ActiveCfg = Release|Any CPU
		{411DC718-5FE1-4C61-B2DE-D89893D675EB}.Release|x86.Build.0 = Release|Any CPU
		{5C1C4B9A-9D3A-4F0E-9A38-111122223333}.Debug|Any CPU.ActiveCfg = Debug|Any CPU
		{5C1C4B9A-9D3A-4F0E-9A38-111122223333}.Debug|Any CPU.Build.0 = Debug|Any CPU
		{5C1C4B9A-9D3A-4F0E-9A38-111122223333}.Debug|x64.ActiveCfg = Debug|Any CPU
		{5C1C4B9A-9D3A-4F0E-9A38-111122223333}.Debug|x64.Build.0 = Debug|Any CPU
		{5C1C4B9A-9D3A-4F0E-9A38-111122223333}.Debug|x86.ActiveCfg = Debug|Any CPU
		{5C1C4B9A-9D3A-4F0E-9A38-111122223333}.Debug|x86.Build.0 = Debug|Any CPU
		{5C1C4B9A-9D3A-4F0E-9A38-111122223333}.Local-Dev|Any CPU.ActiveCfg = Local-Dev|Any CPU
		{5C1C4B9A-9D3A-4F0E-9A38-111122223333}.Local-Dev|Any CPU.Build.0 = Local-Dev|Any CPU
		{5C1C4B9A-9D3A-4F0E-9A38-111122223333}.Local-Dev|x64.ActiveCfg = Local-Dev|Any CPU
		{5C1C4B9A-9D3A-4F0E-9A38-111122223333}.Local-Dev|x64.Build.0 = Local-Dev|Any CPU
		{5C1C4B9A-9D3A-4F0E-9A38-111122223333}.Local-Dev|x86.ActiveCfg = Local-Dev|Any CPU
		{5C1C4B9A-9D3A-4F0E-9A38-111122223333}.Local-Dev|x86.Build.0 = Local-Dev|Any CPU
		{5C1C4B9A-9D3A-4F0E-9A38-111122223333}.Release|Any CPU.ActiveCfg = Release|Any CPU
		{5C1C4B9A-9D3A-4F0E-9A38-111122223333}.Release|Any CPU.Build.0 = Release|Any CPU
		{5C1C4B9A-9D3A-4F0E-9A38-111122223333}.Release|x64.ActiveCfg = Release|Any CPU
		{5C1C4B9A-9D3A-4F0E-9A38-111122223333}.Release|x64.Build.0 = Release|Any CPU
		{5C1C4B9A-9D3A-4F0E-9A38-111122223333}.Release|x86.ActiveCfg = Release|Any CPU
		{5C1C4B9A-9D3A-4F0E-9A38-111122223333}.Release|x86.Build.0 = Release|Any CPU
		{6D2D5C0B-AAAA-4E1F-8B39-444455556666}.Debug|Any CPU.ActiveCfg = Debug|Any CPU
		{6D2D5C0B-AAAA-4E1F-8B39-444455556666}.Debug|Any CPU.Build.0 = Debug|Any CPU
		{6D2D5C0B-AAAA-4E1F-8B39-444455556666}.Debug|x64.ActiveCfg = Debug|Any CPU
		{6D2D5C0B-AAAA-4E1F-8B39-444455556666}.Debug|x64.Build.0 = Debug|Any CPU
		{6D2D5C0B-AAAA-4E1F-8B39-444455556666}.Debug|x86.ActiveCfg = Debug|Any CPU
		{6D2D5C0B-AAAA-4E1F-8B39-444455556666}.Debug|x86.Build.0 = Debug|Any CPU
		{6D2D5C0B-AAAA-4E1F-8B39-444455556666}.Local-Dev|Any CPU.ActiveCfg = Local-Dev|Any CPU
		{6D2D5C0B-AAAA-4E1F-8B39-444455556666}.Local-Dev|Any CPU.Build.0 = Local-Dev|Any CPU
		{6D2D5C0B-AAAA-4E1F-8B39-444455556666}.Local-Dev|x64.ActiveCfg = Local-Dev|Any CPU
		{6D2D5C0B-AAAA-4E1F-8B39-444455556666}.Local-Dev|x64.Build.0 = Local-Dev|Any CPU
		{6D2D5C0B-AAAA-4E1F-8B39-444455556666}.Local-Dev|x86.ActiveCfg = Local-Dev|Any CPU
		{6D2D5C0B-AAAA-4E1F-8B39-444455556666}.Local-Dev|x86.Build.0 = Local-Dev|Any CPU
		{6D2D5C0B-AAAA-4E1F-8B39-444455556666}.Release|Any CPU.ActiveCfg = Release|Any CPU
		{6D2D5C0B-AAAA-4E1F-8B39-444455556666}.Release|Any CPU.Build.0 = Release|Any CPU
		{6D2D5C0B-AAAA-4E1F-8B39-444455556666}.Release|x64.ActiveCfg = Release|Any CPU
		{6D2D5C0B-AAAA-4E1F-8B39-444455556666}.Release|x64.Build.0 = Release|Any CPU
		{6D2D5C0B-AAAA-4E1F-8B39-444455556666}.Release|x86.ActiveCfg = Release|Any CPU
		{6D2D5C0B-AAAA-4E1F-8B39-444455556666}.Release|x86.Build.0 = Release|Any CPU
		{3EED7BD5-B7FF-4852-9D2D-6417B4D6E762}.Debug|Any CPU.ActiveCfg = Debug|Any CPU
		{3EED7BD5-B7FF-4852-9D2D-6417B4D6E762}.Debug|Any CPU.Build.0 = Debug|Any CPU
		{3EED7BD5-B7FF-4852-9D2D-6417B4D6E762}.Debug|x64.ActiveCfg = Debug|Any CPU
		{3EED7BD5-B7FF-4852-9D2D-6417B4D6E762}.Debug|x64.Build.0 = Debug|Any CPU
		{3EED7BD5-B7FF-4852-9D2D-6417B4D6E762}.Debug|x86.ActiveCfg = Debug|Any CPU
		{3EED7BD5-B7FF-4852-9D2D-6417B4D6E762}.Debug|x86.Build.0 = Debug|Any CPU
		{3EED7BD5-B7FF-4852-9D2D-6417B4D6E762}.Local-Dev|Any CPU.ActiveCfg = Local-Dev|Any CPU
		{3EED7BD5-B7FF-4852-9D2D-6417B4D6E762}.Local-Dev|Any CPU.Build.0 = Local-Dev|Any CPU
		{3EED7BD5-B7FF-4852-9D2D-6417B4D6E762}.Local-Dev|x64.ActiveCfg = Local-Dev|Any CPU
		{3EED7BD5-B7FF-4852-9D2D-6417B4D6E762}.Local-Dev|x64.Build.0 = Local-Dev|Any CPU
		{3EED7BD5-B7FF-4852-9D2D-6417B4D6E762}.Local-Dev|x86.ActiveCfg = Local-Dev|Any CPU
		{3EED7BD5-B7FF-4852-9D2D-6417B4D6E762}.Local-Dev|x86.Build.0 = Local-Dev|Any CPU
		{3EED7BD5-B7FF-4852-9D2D-6417B4D6E762}.Release|Any CPU.ActiveCfg = Release|Any CPU
		{3EED7BD5-B7FF-4852-9D2D-6417B4D6E762}.Release|Any CPU.Build.0 = Release|Any CPU
		{3EED7BD5-B7FF-4852-9D2D-6417B4D6E762}.Release|x64.ActiveCfg = Release|Any CPU
		{3EED7BD5-B7FF-4852-9D2D-6417B4D6E762}.Release|x64.Build.0 = Release|Any CPU
		{3EED7BD5-B7FF-4852-9D2D-6417B4D6E762}.Release|x86.ActiveCfg = Release|Any CPU
		{3EED7BD5-B7FF-4852-9D2D-6417B4D6E762}.Release|x86.Build.0 = Release|Any CPU
		{D5E2C7A1-8F3B-4D2C-A7B8-9C0D1E2F3A4B}.Debug|Any CPU.ActiveCfg = Debug|Any CPU
		{D5E2C7A1-8F3B-4D2C-A7B8-9C0D1E2F3A4B}.Debug|Any CPU.Build.0 = Debug|Any CPU
		{D5E2C7A1-8F3B-4D2C-A7B8-9C0D1E2F3A4B}.Debug|x64.ActiveCfg = Debug|Any CPU
		{D5E2C7A1-8F3B-4D2C-A7B8-9C0D1E2F3A4B}.Debug|x64.Build.0 = Debug|Any CPU
		{D5E2C7A1-8F3B-4D2C-A7B8-9C0D1E2F3A4B}.Debug|x86.ActiveCfg = Debug|Any CPU
		{D5E2C7A1-8F3B-4D2C-A7B8-9C0D1E2F3A4B}.Debug|x86.Build.0 = Debug|Any CPU
		{D5E2C7A1-8F3B-4D2C-A7B8-9C0D1E2F3A4B}.Local-Dev|Any CPU.ActiveCfg = Local-Dev|Any CPU
		{D5E2C7A1-8F3B-4D2C-A7B8-9C0D1E2F3A4B}.Local-Dev|Any CPU.Build.0 = Local-Dev|Any CPU
		{D5E2C7A1-8F3B-4D2C-A7B8-9C0D1E2F3A4B}.Local-Dev|x64.ActiveCfg = Local-Dev|Any CPU
		{D5E2C7A1-8F3B-4D2C-A7B8-9C0D1E2F3A4B}.Local-Dev|x64.Build.0 = Local-Dev|Any CPU
		{D5E2C7A1-8F3B-4D2C-A7B8-9C0D1E2F3A4B}.Local-Dev|x86.ActiveCfg = Local-Dev|Any CPU
		{D5E2C7A1-8F3B-4D2C-A7B8-9C0D1E2F3A4B}.Local-Dev|x86.Build.0 = Local-Dev|Any CPU
		{D5E2C7A1-8F3B-4D2C-A7B8-9C0D1E2F3A4B}.Release|Any CPU.ActiveCfg = Release|Any CPU
		{D5E2C7A1-8F3B-4D2C-A7B8-9C0D1E2F3A4B}.Release|Any CPU.Build.0 = Release|Any CPU
		{D5E2C7A1-8F3B-4D2C-A7B8-9C0D1E2F3A4B}.Release|x64.ActiveCfg = Release|Any CPU
		{D5E2C7A1-8F3B-4D2C-A7B8-9C0D1E2F3A4B}.Release|x64.Build.0 = Release|Any CPU
		{D5E2C7A1-8F3B-4D2C-A7B8-9C0D1E2F3A4B}.Release|x86.ActiveCfg = Release|Any CPU
		{D5E2C7A1-8F3B-4D2C-A7B8-9C0D1E2F3A4B}.Release|x86.Build.0 = Release|Any CPU
		{6ABE23B9-1ACB-4EB5-A9F4-3D0340EB9DC9}.Debug|Any CPU.ActiveCfg = Debug|Any CPU
		{6ABE23B9-1ACB-4EB5-A9F4-3D0340EB9DC9}.Debug|Any CPU.Build.0 = Debug|Any CPU
		{6ABE23B9-1ACB-4EB5-A9F4-3D0340EB9DC9}.Debug|x64.ActiveCfg = Debug|Any CPU
		{6ABE23B9-1ACB-4EB5-A9F4-3D0340EB9DC9}.Debug|x64.Build.0 = Debug|Any CPU
		{6ABE23B9-1ACB-4EB5-A9F4-3D0340EB9DC9}.Debug|x86.ActiveCfg = Debug|Any CPU
		{6ABE23B9-1ACB-4EB5-A9F4-3D0340EB9DC9}.Debug|x86.Build.0 = Debug|Any CPU
		{6ABE23B9-1ACB-4EB5-A9F4-3D0340EB9DC9}.Release|Any CPU.ActiveCfg = Release|Any CPU
		{6ABE23B9-1ACB-4EB5-A9F4-3D0340EB9DC9}.Release|Any CPU.Build.0 = Release|Any CPU
		{6ABE23B9-1ACB-4EB5-A9F4-3D0340EB9DC9}.Release|x64.ActiveCfg = Release|Any CPU
		{6ABE23B9-1ACB-4EB5-A9F4-3D0340EB9DC9}.Release|x64.Build.0 = Release|Any CPU
		{6ABE23B9-1ACB-4EB5-A9F4-3D0340EB9DC9}.Release|x86.ActiveCfg = Release|Any CPU
		{6ABE23B9-1ACB-4EB5-A9F4-3D0340EB9DC9}.Release|x86.Build.0 = Release|Any CPU
		{7A849344-2DC5-41BA-AB7E-614B78FA6E56}.Debug|Any CPU.ActiveCfg = Debug|Any CPU
		{7A849344-2DC5-41BA-AB7E-614B78FA6E56}.Debug|Any CPU.Build.0 = Debug|Any CPU
		{7A849344-2DC5-41BA-AB7E-614B78FA6E56}.Debug|x64.ActiveCfg = Debug|Any CPU
		{7A849344-2DC5-41BA-AB7E-614B78FA6E56}.Debug|x64.Build.0 = Debug|Any CPU
		{7A849344-2DC5-41BA-AB7E-614B78FA6E56}.Debug|x86.ActiveCfg = Debug|Any CPU
		{7A849344-2DC5-41BA-AB7E-614B78FA6E56}.Debug|x86.Build.0 = Debug|Any CPU
		{7A849344-2DC5-41BA-AB7E-614B78FA6E56}.Release|Any CPU.ActiveCfg = Release|Any CPU
		{7A849344-2DC5-41BA-AB7E-614B78FA6E56}.Release|Any CPU.Build.0 = Release|Any CPU
		{7A849344-2DC5-41BA-AB7E-614B78FA6E56}.Release|x64.ActiveCfg = Release|Any CPU
		{7A849344-2DC5-41BA-AB7E-614B78FA6E56}.Release|x64.Build.0 = Release|Any CPU
		{7A849344-2DC5-41BA-AB7E-614B78FA6E56}.Release|x86.ActiveCfg = Release|Any CPU
		{7A849344-2DC5-41BA-AB7E-614B78FA6E56}.Release|x86.Build.0 = Release|Any CPU
		{59924086-D23E-42D7-A853-C89152B29796}.Debug|Any CPU.ActiveCfg = Debug|Any CPU
		{59924086-D23E-42D7-A853-C89152B29796}.Debug|Any CPU.Build.0 = Debug|Any CPU
		{59924086-D23E-42D7-A853-C89152B29796}.Debug|x64.ActiveCfg = Debug|Any CPU
		{59924086-D23E-42D7-A853-C89152B29796}.Debug|x64.Build.0 = Debug|Any CPU
		{59924086-D23E-42D7-A853-C89152B29796}.Debug|x86.ActiveCfg = Debug|Any CPU
		{59924086-D23E-42D7-A853-C89152B29796}.Debug|x86.Build.0 = Debug|Any CPU
		{59924086-D23E-42D7-A853-C89152B29796}.Release|Any CPU.ActiveCfg = Release|Any CPU
		{59924086-D23E-42D7-A853-C89152B29796}.Release|Any CPU.Build.0 = Release|Any CPU
		{59924086-D23E-42D7-A853-C89152B29796}.Release|x64.ActiveCfg = Release|Any CPU
		{59924086-D23E-42D7-A853-C89152B29796}.Release|x64.Build.0 = Release|Any CPU
		{59924086-D23E-42D7-A853-C89152B29796}.Release|x86.ActiveCfg = Release|Any CPU
		{59924086-D23E-42D7-A853-C89152B29796}.Release|x86.Build.0 = Release|Any CPU
		{1904830E-ED66-4B8E-8C5B-271DC2D7377A}.Debug|Any CPU.ActiveCfg = Debug|Any CPU
		{1904830E-ED66-4B8E-8C5B-271DC2D7377A}.Debug|Any CPU.Build.0 = Debug|Any CPU
		{1904830E-ED66-4B8E-8C5B-271DC2D7377A}.Debug|x64.ActiveCfg = Debug|Any CPU
		{1904830E-ED66-4B8E-8C5B-271DC2D7377A}.Debug|x64.Build.0 = Debug|Any CPU
		{1904830E-ED66-4B8E-8C5B-271DC2D7377A}.Debug|x86.ActiveCfg = Debug|Any CPU
		{1904830E-ED66-4B8E-8C5B-271DC2D7377A}.Debug|x86.Build.0 = Debug|Any CPU
		{1904830E-ED66-4B8E-8C5B-271DC2D7377A}.Release|Any CPU.ActiveCfg = Release|Any CPU
		{1904830E-ED66-4B8E-8C5B-271DC2D7377A}.Release|Any CPU.Build.0 = Release|Any CPU
		{1904830E-ED66-4B8E-8C5B-271DC2D7377A}.Release|x64.ActiveCfg = Release|Any CPU
		{1904830E-ED66-4B8E-8C5B-271DC2D7377A}.Release|x64.Build.0 = Release|Any CPU
		{1904830E-ED66-4B8E-8C5B-271DC2D7377A}.Release|x86.ActiveCfg = Release|Any CPU
		{1904830E-ED66-4B8E-8C5B-271DC2D7377A}.Release|x86.Build.0 = Release|Any CPU
		{3D0A5A98-7F2B-4B0E-9D93-1F2C3B4A5D6E}.Debug|Any CPU.ActiveCfg = Debug|Any CPU
		{3D0A5A98-7F2B-4B0E-9D93-1F2C3B4A5D6E}.Debug|Any CPU.Build.0 = Debug|Any CPU
		{3D0A5A98-7F2B-4B0E-9D93-1F2C3B4A5D6E}.Debug|x64.ActiveCfg = Debug|Any CPU
		{3D0A5A98-7F2B-4B0E-9D93-1F2C3B4A5D6E}.Debug|x64.Build.0 = Debug|Any CPU
		{3D0A5A98-7F2B-4B0E-9D93-1F2C3B4A5D6E}.Debug|x86.ActiveCfg = Debug|Any CPU
		{3D0A5A98-7F2B-4B0E-9D93-1F2C3B4A5D6E}.Debug|x86.Build.0 = Debug|Any CPU
		{3D0A5A98-7F2B-4B0E-9D93-1F2C3B4A5D6E}.Release|Any CPU.ActiveCfg = Release|Any CPU
		{3D0A5A98-7F2B-4B0E-9D93-1F2C3B4A5D6E}.Release|Any CPU.Build.0 = Release|Any CPU
		{3D0A5A98-7F2B-4B0E-9D93-1F2C3B4A5D6E}.Release|x64.ActiveCfg = Release|Any CPU
		{3D0A5A98-7F2B-4B0E-9D93-1F2C3B4A5D6E}.Release|x64.Build.0 = Release|Any CPU
		{3D0A5A98-7F2B-4B0E-9D93-1F2C3B4A5D6E}.Release|x86.ActiveCfg = Release|Any CPU
		{3D0A5A98-7F2B-4B0E-9D93-1F2C3B4A5D6E}.Release|x86.Build.0 = Release|Any CPU
		{4E1B6C09-8A3C-4F1D-A2E4-7C8D9E0A1B2C}.Debug|Any CPU.ActiveCfg = Debug|Any CPU
		{4E1B6C09-8A3C-4F1D-A2E4-7C8D9E0A1B2C}.Debug|Any CPU.Build.0 = Debug|Any CPU
		{4E1B6C09-8A3C-4F1D-A2E4-7C8D9E0A1B2C}.Debug|x64.ActiveCfg = Debug|Any CPU
		{4E1B6C09-8A3C-4F1D-A2E4-7C8D9E0A1B2C}.Debug|x64.Build.0 = Debug|Any CPU
		{4E1B6C09-8A3C-4F1D-A2E4-7C8D9E0A1B2C}.Debug|x86.ActiveCfg = Debug|Any CPU
		{4E1B6C09-8A3C-4F1D-A2E4-7C8D9E0A1B2C}.Debug|x86.Build.0 = Debug|Any CPU
		{4E1B6C09-8A3C-4F1D-A2E4-7C8D9E0A1B2C}.Release|Any CPU.ActiveCfg = Release|Any CPU
		{4E1B6C09-8A3C-4F1D-A2E4-7C8D9E0A1B2C}.Release|Any CPU.Build.0 = Release|Any CPU
		{4E1B6C09-8A3C-4F1D-A2E4-7C8D9E0A1B2C}.Release|x64.ActiveCfg = Release|Any CPU
		{4E1B6C09-8A3C-4F1D-A2E4-7C8D9E0A1B2C}.Release|x64.Build.0 = Release|Any CPU
		{4E1B6C09-8A3C-4F1D-A2E4-7C8D9E0A1B2C}.Release|x86.ActiveCfg = Release|Any CPU
		{4E1B6C09-8A3C-4F1D-A2E4-7C8D9E0A1B2C}.Release|x86.Build.0 = Release|Any CPU
		{C982C0D9-C602-4C4C-8447-ADA9F25D2F2A}.Debug|Any CPU.ActiveCfg = Debug|Any CPU
		{C982C0D9-C602-4C4C-8447-ADA9F25D2F2A}.Debug|Any CPU.Build.0 = Debug|Any CPU
		{C982C0D9-C602-4C4C-8447-ADA9F25D2F2A}.Debug|x64.ActiveCfg = Debug|Any CPU
		{C982C0D9-C602-4C4C-8447-ADA9F25D2F2A}.Debug|x64.Build.0 = Debug|Any CPU
		{C982C0D9-C602-4C4C-8447-ADA9F25D2F2A}.Debug|x86.ActiveCfg = Debug|Any CPU
		{C982C0D9-C602-4C4C-8447-ADA9F25D2F2A}.Debug|x86.Build.0 = Debug|Any CPU
		{C982C0D9-C602-4C4C-8447-ADA9F25D2F2A}.Release|Any CPU.ActiveCfg = Release|Any CPU
		{C982C0D9-C602-4C4C-8447-ADA9F25D2F2A}.Release|Any CPU.Build.0 = Release|Any CPU
		{C982C0D9-C602-4C4C-8447-ADA9F25D2F2A}.Release|x64.ActiveCfg = Release|Any CPU
		{C982C0D9-C602-4C4C-8447-ADA9F25D2F2A}.Release|x64.Build.0 = Release|Any CPU
		{C982C0D9-C602-4C4C-8447-ADA9F25D2F2A}.Release|x86.ActiveCfg = Release|Any CPU
		{C982C0D9-C602-4C4C-8447-ADA9F25D2F2A}.Release|x86.Build.0 = Release|Any CPU
		{5F2C7D1A-9B4E-4C2F-B3D5-8E9F0A1B2C3D}.Debug|Any CPU.ActiveCfg = Debug|Any CPU
		{5F2C7D1A-9B4E-4C2F-B3D5-8E9F0A1B2C3D}.Debug|Any CPU.Build.0 = Debug|Any CPU
		{5F2C7D1A-9B4E-4C2F-B3D5-8E9F0A1B2C3D}.Debug|x64.ActiveCfg = Debug|Any CPU
		{5F2C7D1A-9B4E-4C2F-B3D5-8E9F0A1B2C3D}.Debug|x64.Build.0 = Debug|Any CPU
		{5F2C7D1A-9B4E-4C2F-B3D5-8E9F0A1B2C3D}.Debug|x86.ActiveCfg = Debug|Any CPU
		{5F2C7D1A-9B4E-4C2F-B3D5-8E9F0A1B2C3D}.Debug|x86.Build.0 = Debug|Any CPU
		{5F2C7D1A-9B4E-4C2F-B3D5-8E9F0A1B2C3D}.Release|Any CPU.ActiveCfg = Release|Any CPU
		{5F2C7D1A-9B4E-4C2F-B3D5-8E9F0A1B2C3D}.Release|Any CPU.Build.0 = Release|Any CPU
		{5F2C7D1A-9B4E-4C2F-B3D5-8E9F0A1B2C3D}.Release|x64.ActiveCfg = Release|Any CPU
		{5F2C7D1A-9B4E-4C2F-B3D5-8E9F0A1B2C3D}.Release|x64.Build.0 = Release|Any CPU
		{5F2C7D1A-9B4E-4C2F-B3D5-8E9F0A1B2C3D}.Release|x86.ActiveCfg = Release|Any CPU
		{5F2C7D1A-9B4E-4C2F-B3D5-8E9F0A1B2C3D}.Release|x86.Build.0 = Release|Any CPU
		{C14EEC1B-A1D5-4FFD-9A1B-155DC6A1B1F3}.Debug|Any CPU.ActiveCfg = Debug|Any CPU
		{C14EEC1B-A1D5-4FFD-9A1B-155DC6A1B1F3}.Debug|Any CPU.Build.0 = Debug|Any CPU
		{C14EEC1B-A1D5-4FFD-9A1B-155DC6A1B1F3}.Debug|x64.ActiveCfg = Debug|Any CPU
		{C14EEC1B-A1D5-4FFD-9A1B-155DC6A1B1F3}.Debug|x64.Build.0 = Debug|Any CPU
		{C14EEC1B-A1D5-4FFD-9A1B-155DC6A1B1F3}.Debug|x86.ActiveCfg = Debug|Any CPU
		{C14EEC1B-A1D5-4FFD-9A1B-155DC6A1B1F3}.Debug|x86.Build.0 = Debug|Any CPU
		{C14EEC1B-A1D5-4FFD-9A1B-155DC6A1B1F3}.Release|Any CPU.ActiveCfg = Release|Any CPU
		{C14EEC1B-A1D5-4FFD-9A1B-155DC6A1B1F3}.Release|Any CPU.Build.0 = Release|Any CPU
		{C14EEC1B-A1D5-4FFD-9A1B-155DC6A1B1F3}.Release|x64.ActiveCfg = Release|Any CPU
		{C14EEC1B-A1D5-4FFD-9A1B-155DC6A1B1F3}.Release|x64.Build.0 = Release|Any CPU
		{C14EEC1B-A1D5-4FFD-9A1B-155DC6A1B1F3}.Release|x86.ActiveCfg = Release|Any CPU
		{C14EEC1B-A1D5-4FFD-9A1B-155DC6A1B1F3}.Release|x86.Build.0 = Release|Any CPU
		{27BF9325-6FDD-4C58-96EA-9139DE2ECB29}.Debug|Any CPU.ActiveCfg = Debug|Any CPU
		{27BF9325-6FDD-4C58-96EA-9139DE2ECB29}.Debug|Any CPU.Build.0 = Debug|Any CPU
		{27BF9325-6FDD-4C58-96EA-9139DE2ECB29}.Debug|x64.ActiveCfg = Debug|Any CPU
		{27BF9325-6FDD-4C58-96EA-9139DE2ECB29}.Debug|x64.Build.0 = Debug|Any CPU
		{27BF9325-6FDD-4C58-96EA-9139DE2ECB29}.Debug|x86.ActiveCfg = Debug|Any CPU
		{27BF9325-6FDD-4C58-96EA-9139DE2ECB29}.Debug|x86.Build.0 = Debug|Any CPU
		{27BF9325-6FDD-4C58-96EA-9139DE2ECB29}.Release|Any CPU.ActiveCfg = Release|Any CPU
		{27BF9325-6FDD-4C58-96EA-9139DE2ECB29}.Release|Any CPU.Build.0 = Release|Any CPU
		{27BF9325-6FDD-4C58-96EA-9139DE2ECB29}.Release|x64.ActiveCfg = Release|Any CPU
		{27BF9325-6FDD-4C58-96EA-9139DE2ECB29}.Release|x64.Build.0 = Release|Any CPU
		{27BF9325-6FDD-4C58-96EA-9139DE2ECB29}.Release|x86.ActiveCfg = Release|Any CPU
		{27BF9325-6FDD-4C58-96EA-9139DE2ECB29}.Release|x86.Build.0 = Release|Any CPU
		{89D12623-19B5-4F83-8636-C3DDE5A23A59}.Debug|Any CPU.ActiveCfg = Debug|Any CPU
		{89D12623-19B5-4F83-8636-C3DDE5A23A59}.Debug|Any CPU.Build.0 = Debug|Any CPU
		{89D12623-19B5-4F83-8636-C3DDE5A23A59}.Debug|x64.ActiveCfg = Debug|Any CPU
		{89D12623-19B5-4F83-8636-C3DDE5A23A59}.Debug|x64.Build.0 = Debug|Any CPU
		{89D12623-19B5-4F83-8636-C3DDE5A23A59}.Debug|x86.ActiveCfg = Debug|Any CPU
		{89D12623-19B5-4F83-8636-C3DDE5A23A59}.Debug|x86.Build.0 = Debug|Any CPU
		{89D12623-19B5-4F83-8636-C3DDE5A23A59}.Release|Any CPU.ActiveCfg = Release|Any CPU
		{89D12623-19B5-4F83-8636-C3DDE5A23A59}.Release|Any CPU.Build.0 = Release|Any CPU
		{89D12623-19B5-4F83-8636-C3DDE5A23A59}.Release|x64.ActiveCfg = Release|Any CPU
		{89D12623-19B5-4F83-8636-C3DDE5A23A59}.Release|x64.Build.0 = Release|Any CPU
		{89D12623-19B5-4F83-8636-C3DDE5A23A59}.Release|x86.ActiveCfg = Release|Any CPU
		{89D12623-19B5-4F83-8636-C3DDE5A23A59}.Release|x86.Build.0 = Release|Any CPU
		{C6B67815-8B38-44A7-B58C-7F6B38B9E216}.Debug|Any CPU.ActiveCfg = Debug|Any CPU
		{C6B67815-8B38-44A7-B58C-7F6B38B9E216}.Debug|Any CPU.Build.0 = Debug|Any CPU
		{C6B67815-8B38-44A7-B58C-7F6B38B9E216}.Debug|x64.ActiveCfg = Debug|Any CPU
		{C6B67815-8B38-44A7-B58C-7F6B38B9E216}.Debug|x64.Build.0 = Debug|Any CPU
		{C6B67815-8B38-44A7-B58C-7F6B38B9E216}.Debug|x86.ActiveCfg = Debug|Any CPU
		{C6B67815-8B38-44A7-B58C-7F6B38B9E216}.Debug|x86.Build.0 = Debug|Any CPU
		{C6B67815-8B38-44A7-B58C-7F6B38B9E216}.Release|Any CPU.ActiveCfg = Release|Any CPU
		{C6B67815-8B38-44A7-B58C-7F6B38B9E216}.Release|Any CPU.Build.0 = Release|Any CPU
		{C6B67815-8B38-44A7-B58C-7F6B38B9E216}.Release|x64.ActiveCfg = Release|Any CPU
		{C6B67815-8B38-44A7-B58C-7F6B38B9E216}.Release|x64.Build.0 = Release|Any CPU
		{C6B67815-8B38-44A7-B58C-7F6B38B9E216}.Release|x86.ActiveCfg = Release|Any CPU
		{C6B67815-8B38-44A7-B58C-7F6B38B9E216}.Release|x86.Build.0 = Release|Any CPU
		{794CACBE-57E4-4F5E-A7CD-1A561EDEAFAC}.Debug|Any CPU.ActiveCfg = Debug|Any CPU
		{794CACBE-57E4-4F5E-A7CD-1A561EDEAFAC}.Debug|Any CPU.Build.0 = Debug|Any CPU
		{794CACBE-57E4-4F5E-A7CD-1A561EDEAFAC}.Debug|x64.ActiveCfg = Debug|Any CPU
		{794CACBE-57E4-4F5E-A7CD-1A561EDEAFAC}.Debug|x64.Build.0 = Debug|Any CPU
		{794CACBE-57E4-4F5E-A7CD-1A561EDEAFAC}.Debug|x86.ActiveCfg = Debug|Any CPU
		{794CACBE-57E4-4F5E-A7CD-1A561EDEAFAC}.Debug|x86.Build.0 = Debug|Any CPU
		{794CACBE-57E4-4F5E-A7CD-1A561EDEAFAC}.Release|Any CPU.ActiveCfg = Release|Any CPU
		{794CACBE-57E4-4F5E-A7CD-1A561EDEAFAC}.Release|Any CPU.Build.0 = Release|Any CPU
		{794CACBE-57E4-4F5E-A7CD-1A561EDEAFAC}.Release|x64.ActiveCfg = Release|Any CPU
		{794CACBE-57E4-4F5E-A7CD-1A561EDEAFAC}.Release|x64.Build.0 = Release|Any CPU
		{794CACBE-57E4-4F5E-A7CD-1A561EDEAFAC}.Release|x86.ActiveCfg = Release|Any CPU
		{794CACBE-57E4-4F5E-A7CD-1A561EDEAFAC}.Release|x86.Build.0 = Release|Any CPU
		{B442D12D-C639-41E1-944E-D648DC5FA292}.Debug|Any CPU.ActiveCfg = Debug|Any CPU
		{B442D12D-C639-41E1-944E-D648DC5FA292}.Debug|Any CPU.Build.0 = Debug|Any CPU
		{B442D12D-C639-41E1-944E-D648DC5FA292}.Debug|x64.ActiveCfg = Debug|Any CPU
		{B442D12D-C639-41E1-944E-D648DC5FA292}.Debug|x64.Build.0 = Debug|Any CPU
		{B442D12D-C639-41E1-944E-D648DC5FA292}.Debug|x86.ActiveCfg = Debug|Any CPU
		{B442D12D-C639-41E1-944E-D648DC5FA292}.Debug|x86.Build.0 = Debug|Any CPU
		{B442D12D-C639-41E1-944E-D648DC5FA292}.Release|Any CPU.ActiveCfg = Release|Any CPU
		{B442D12D-C639-41E1-944E-D648DC5FA292}.Release|Any CPU.Build.0 = Release|Any CPU
		{B442D12D-C639-41E1-944E-D648DC5FA292}.Release|x64.ActiveCfg = Release|Any CPU
		{B442D12D-C639-41E1-944E-D648DC5FA292}.Release|x64.Build.0 = Release|Any CPU
		{B442D12D-C639-41E1-944E-D648DC5FA292}.Release|x86.ActiveCfg = Release|Any CPU
		{B442D12D-C639-41E1-944E-D648DC5FA292}.Release|x86.Build.0 = Release|Any CPU
		{CE522E3C-DF2C-41B8-8E76-238ED2EE120C}.Debug|Any CPU.ActiveCfg = Debug|Any CPU
		{CE522E3C-DF2C-41B8-8E76-238ED2EE120C}.Debug|Any CPU.Build.0 = Debug|Any CPU
		{CE522E3C-DF2C-41B8-8E76-238ED2EE120C}.Debug|x64.ActiveCfg = Debug|Any CPU
		{CE522E3C-DF2C-41B8-8E76-238ED2EE120C}.Debug|x64.Build.0 = Debug|Any CPU
		{CE522E3C-DF2C-41B8-8E76-238ED2EE120C}.Debug|x86.ActiveCfg = Debug|Any CPU
		{CE522E3C-DF2C-41B8-8E76-238ED2EE120C}.Debug|x86.Build.0 = Debug|Any CPU
		{CE522E3C-DF2C-41B8-8E76-238ED2EE120C}.Release|Any CPU.ActiveCfg = Release|Any CPU
		{CE522E3C-DF2C-41B8-8E76-238ED2EE120C}.Release|Any CPU.Build.0 = Release|Any CPU
		{CE522E3C-DF2C-41B8-8E76-238ED2EE120C}.Release|x64.ActiveCfg = Release|Any CPU
		{CE522E3C-DF2C-41B8-8E76-238ED2EE120C}.Release|x64.Build.0 = Release|Any CPU
		{CE522E3C-DF2C-41B8-8E76-238ED2EE120C}.Release|x86.ActiveCfg = Release|Any CPU
		{CE522E3C-DF2C-41B8-8E76-238ED2EE120C}.Release|x86.Build.0 = Release|Any CPU
		{AB5A4F85-CB09-484F-B38F-EFC57A63043C}.Debug|Any CPU.ActiveCfg = Debug|Any CPU
		{AB5A4F85-CB09-484F-B38F-EFC57A63043C}.Debug|Any CPU.Build.0 = Debug|Any CPU
		{AB5A4F85-CB09-484F-B38F-EFC57A63043C}.Debug|x64.ActiveCfg = Debug|Any CPU
		{AB5A4F85-CB09-484F-B38F-EFC57A63043C}.Debug|x64.Build.0 = Debug|Any CPU
		{AB5A4F85-CB09-484F-B38F-EFC57A63043C}.Debug|x86.ActiveCfg = Debug|Any CPU
		{AB5A4F85-CB09-484F-B38F-EFC57A63043C}.Debug|x86.Build.0 = Debug|Any CPU
		{AB5A4F85-CB09-484F-B38F-EFC57A63043C}.Release|Any CPU.ActiveCfg = Release|Any CPU
		{AB5A4F85-CB09-484F-B38F-EFC57A63043C}.Release|Any CPU.Build.0 = Release|Any CPU
		{AB5A4F85-CB09-484F-B38F-EFC57A63043C}.Release|x64.ActiveCfg = Release|Any CPU
		{AB5A4F85-CB09-484F-B38F-EFC57A63043C}.Release|x64.Build.0 = Release|Any CPU
		{AB5A4F85-CB09-484F-B38F-EFC57A63043C}.Release|x86.ActiveCfg = Release|Any CPU
		{AB5A4F85-CB09-484F-B38F-EFC57A63043C}.Release|x86.Build.0 = Release|Any CPU
		{D848EF53-DB4F-4C10-9832-49436502FE47}.Debug|Any CPU.ActiveCfg = Debug|Any CPU
		{D848EF53-DB4F-4C10-9832-49436502FE47}.Debug|Any CPU.Build.0 = Debug|Any CPU
		{D848EF53-DB4F-4C10-9832-49436502FE47}.Debug|x64.ActiveCfg = Debug|Any CPU
		{D848EF53-DB4F-4C10-9832-49436502FE47}.Debug|x64.Build.0 = Debug|Any CPU
		{D848EF53-DB4F-4C10-9832-49436502FE47}.Debug|x86.ActiveCfg = Debug|Any CPU
		{D848EF53-DB4F-4C10-9832-49436502FE47}.Debug|x86.Build.0 = Debug|Any CPU
		{D848EF53-DB4F-4C10-9832-49436502FE47}.Release|Any CPU.ActiveCfg = Release|Any CPU
		{D848EF53-DB4F-4C10-9832-49436502FE47}.Release|Any CPU.Build.0 = Release|Any CPU
		{D848EF53-DB4F-4C10-9832-49436502FE47}.Release|x64.ActiveCfg = Release|Any CPU
		{D848EF53-DB4F-4C10-9832-49436502FE47}.Release|x64.Build.0 = Release|Any CPU
		{D848EF53-DB4F-4C10-9832-49436502FE47}.Release|x86.ActiveCfg = Release|Any CPU
		{D848EF53-DB4F-4C10-9832-49436502FE47}.Release|x86.Build.0 = Release|Any CPU
		{9B54AF7E-66E2-466D-8FF6-1AD262B89742}.Debug|Any CPU.ActiveCfg = Debug|Any CPU
		{9B54AF7E-66E2-466D-8FF6-1AD262B89742}.Debug|Any CPU.Build.0 = Debug|Any CPU
		{9B54AF7E-66E2-466D-8FF6-1AD262B89742}.Debug|x64.ActiveCfg = Debug|Any CPU
		{9B54AF7E-66E2-466D-8FF6-1AD262B89742}.Debug|x64.Build.0 = Debug|Any CPU
		{9B54AF7E-66E2-466D-8FF6-1AD262B89742}.Debug|x86.ActiveCfg = Debug|Any CPU
		{9B54AF7E-66E2-466D-8FF6-1AD262B89742}.Debug|x86.Build.0 = Debug|Any CPU
		{9B54AF7E-66E2-466D-8FF6-1AD262B89742}.Release|Any CPU.ActiveCfg = Release|Any CPU
		{9B54AF7E-66E2-466D-8FF6-1AD262B89742}.Release|Any CPU.Build.0 = Release|Any CPU
		{9B54AF7E-66E2-466D-8FF6-1AD262B89742}.Release|x64.ActiveCfg = Release|Any CPU
		{9B54AF7E-66E2-466D-8FF6-1AD262B89742}.Release|x64.Build.0 = Release|Any CPU
		{9B54AF7E-66E2-466D-8FF6-1AD262B89742}.Release|x86.ActiveCfg = Release|Any CPU
		{9B54AF7E-66E2-466D-8FF6-1AD262B89742}.Release|x86.Build.0 = Release|Any CPU
		{2DD30B80-363F-4E50-9A5E-A1CED73B5DE1}.Debug|Any CPU.ActiveCfg = Debug|Any CPU
		{2DD30B80-363F-4E50-9A5E-A1CED73B5DE1}.Debug|Any CPU.Build.0 = Debug|Any CPU
		{2DD30B80-363F-4E50-9A5E-A1CED73B5DE1}.Debug|x64.ActiveCfg = Debug|Any CPU
		{2DD30B80-363F-4E50-9A5E-A1CED73B5DE1}.Debug|x64.Build.0 = Debug|Any CPU
		{2DD30B80-363F-4E50-9A5E-A1CED73B5DE1}.Debug|x86.ActiveCfg = Debug|Any CPU
		{2DD30B80-363F-4E50-9A5E-A1CED73B5DE1}.Debug|x86.Build.0 = Debug|Any CPU
		{2DD30B80-363F-4E50-9A5E-A1CED73B5DE1}.Release|Any CPU.ActiveCfg = Release|Any CPU
		{2DD30B80-363F-4E50-9A5E-A1CED73B5DE1}.Release|Any CPU.Build.0 = Release|Any CPU
		{2DD30B80-363F-4E50-9A5E-A1CED73B5DE1}.Release|x64.ActiveCfg = Release|Any CPU
		{2DD30B80-363F-4E50-9A5E-A1CED73B5DE1}.Release|x64.Build.0 = Release|Any CPU
		{2DD30B80-363F-4E50-9A5E-A1CED73B5DE1}.Release|x86.ActiveCfg = Release|Any CPU
		{2DD30B80-363F-4E50-9A5E-A1CED73B5DE1}.Release|x86.Build.0 = Release|Any CPU
		{ECC8405E-6F0D-40D0-8727-F16169170542}.Debug|Any CPU.ActiveCfg = Debug|Any CPU
		{ECC8405E-6F0D-40D0-8727-F16169170542}.Debug|Any CPU.Build.0 = Debug|Any CPU
		{ECC8405E-6F0D-40D0-8727-F16169170542}.Debug|x64.ActiveCfg = Debug|Any CPU
		{ECC8405E-6F0D-40D0-8727-F16169170542}.Debug|x64.Build.0 = Debug|Any CPU
		{ECC8405E-6F0D-40D0-8727-F16169170542}.Debug|x86.ActiveCfg = Debug|Any CPU
		{ECC8405E-6F0D-40D0-8727-F16169170542}.Debug|x86.Build.0 = Debug|Any CPU
		{ECC8405E-6F0D-40D0-8727-F16169170542}.Release|Any CPU.ActiveCfg = Release|Any CPU
		{ECC8405E-6F0D-40D0-8727-F16169170542}.Release|Any CPU.Build.0 = Release|Any CPU
		{ECC8405E-6F0D-40D0-8727-F16169170542}.Release|x64.ActiveCfg = Release|Any CPU
		{ECC8405E-6F0D-40D0-8727-F16169170542}.Release|x64.Build.0 = Release|Any CPU
		{ECC8405E-6F0D-40D0-8727-F16169170542}.Release|x86.ActiveCfg = Release|Any CPU
		{ECC8405E-6F0D-40D0-8727-F16169170542}.Release|x86.Build.0 = Release|Any CPU
		{E22D21F7-BD03-498E-B590-159B29A5E1A3}.Debug|Any CPU.ActiveCfg = Debug|Any CPU
		{E22D21F7-BD03-498E-B590-159B29A5E1A3}.Debug|Any CPU.Build.0 = Debug|Any CPU
		{E22D21F7-BD03-498E-B590-159B29A5E1A3}.Debug|x64.ActiveCfg = Debug|Any CPU
		{E22D21F7-BD03-498E-B590-159B29A5E1A3}.Debug|x64.Build.0 = Debug|Any CPU
		{E22D21F7-BD03-498E-B590-159B29A5E1A3}.Debug|x86.ActiveCfg = Debug|Any CPU
		{E22D21F7-BD03-498E-B590-159B29A5E1A3}.Debug|x86.Build.0 = Debug|Any CPU
		{E22D21F7-BD03-498E-B590-159B29A5E1A3}.Release|Any CPU.ActiveCfg = Release|Any CPU
		{E22D21F7-BD03-498E-B590-159B29A5E1A3}.Release|Any CPU.Build.0 = Release|Any CPU
		{E22D21F7-BD03-498E-B590-159B29A5E1A3}.Release|x64.ActiveCfg = Release|Any CPU
		{E22D21F7-BD03-498E-B590-159B29A5E1A3}.Release|x64.Build.0 = Release|Any CPU
		{E22D21F7-BD03-498E-B590-159B29A5E1A3}.Release|x86.ActiveCfg = Release|Any CPU
		{E22D21F7-BD03-498E-B590-159B29A5E1A3}.Release|x86.Build.0 = Release|Any CPU
		{B6F2F2CB-A23F-4171-B187-25D16701BA56}.Debug|Any CPU.ActiveCfg = Debug|Any CPU
		{B6F2F2CB-A23F-4171-B187-25D16701BA56}.Debug|Any CPU.Build.0 = Debug|Any CPU
		{B6F2F2CB-A23F-4171-B187-25D16701BA56}.Debug|x64.ActiveCfg = Debug|Any CPU
		{B6F2F2CB-A23F-4171-B187-25D16701BA56}.Debug|x64.Build.0 = Debug|Any CPU
		{B6F2F2CB-A23F-4171-B187-25D16701BA56}.Debug|x86.ActiveCfg = Debug|Any CPU
		{B6F2F2CB-A23F-4171-B187-25D16701BA56}.Debug|x86.Build.0 = Debug|Any CPU
		{B6F2F2CB-A23F-4171-B187-25D16701BA56}.Release|Any CPU.ActiveCfg = Release|Any CPU
		{B6F2F2CB-A23F-4171-B187-25D16701BA56}.Release|Any CPU.Build.0 = Release|Any CPU
		{B6F2F2CB-A23F-4171-B187-25D16701BA56}.Release|x64.ActiveCfg = Release|Any CPU
		{B6F2F2CB-A23F-4171-B187-25D16701BA56}.Release|x64.Build.0 = Release|Any CPU
		{B6F2F2CB-A23F-4171-B187-25D16701BA56}.Release|x86.ActiveCfg = Release|Any CPU
		{B6F2F2CB-A23F-4171-B187-25D16701BA56}.Release|x86.Build.0 = Release|Any CPU
	EndGlobalSection
	GlobalSection(SolutionProperties) = preSolution
		HideSolutionNode = FALSE
	EndGlobalSection
	GlobalSection(NestedProjects) = preSolution
		{F410AE33-8CDA-F04C-0BCD-4DC1C99256E1} = {D1267F64-3B2C-437E-228A-D79E2474394F}
		{ABEF4B3B-95AC-00CF-CA89-591C6C7EC3F8} = {F410AE33-8CDA-F04C-0BCD-4DC1C99256E1}
		{411DC718-5FE1-4C61-B2DE-D89893D675EB} = {ABEF4B3B-95AC-00CF-CA89-591C6C7EC3F8}
		{E6F4D9F0-9F2D-4D9B-8B6D-1234567890AB} = {D1267F64-3B2C-437E-228A-D79E2474394F}
		{5C1C4B9A-9D3A-4F0E-9A38-111122223333} = {E6F4D9F0-9F2D-4D9B-8B6D-1234567890AB}
		{6D2D5C0B-AAAA-4E1F-8B39-444455556666} = {E6F4D9F0-9F2D-4D9B-8B6D-1234567890AB}
		{3EED7BD5-B7FF-4852-9D2D-6417B4D6E762} = {B57A80AD-35AA-43D8-9253-BF2E268A4E1C}
		{D5E2C7A1-8F3B-4D2C-A7B8-9C0D1E2F3A4B} = {B57A80AD-35AA-43D8-9253-BF2E268A4E1C}
		{3A0A877D-A9E7-4D88-9493-5224F86F19B0} = {8A508722-3C88-46F7-9547-4230017EBBD5}
		{F9B4B8C2-2C7E-4F1C-9F1E-1234567890AB} = {8A508722-3C88-46F7-9547-4230017EBBD5}
		{6ABE23B9-1ACB-4EB5-A9F4-3D0340EB9DC9} = {3A0A877D-A9E7-4D88-9493-5224F86F19B0}
		{7A849344-2DC5-41BA-AB7E-614B78FA6E56} = {3A0A877D-A9E7-4D88-9493-5224F86F19B0}
		{59924086-D23E-42D7-A853-C89152B29796} = {3A0A877D-A9E7-4D88-9493-5224F86F19B0}
		{1904830E-ED66-4B8E-8C5B-271DC2D7377A} = {3A0A877D-A9E7-4D88-9493-5224F86F19B0}
		{3D0A5A98-7F2B-4B0E-9D93-1F2C3B4A5D6E} = {F9B4B8C2-2C7E-4F1C-9F1E-1234567890AB}
		{4E1B6C09-8A3C-4F1D-A2E4-7C8D9E0A1B2C} = {F9B4B8C2-2C7E-4F1C-9F1E-1234567890AB}
		{C982C0D9-C602-4C4C-8447-ADA9F25D2F2A} = {F9B4B8C2-2C7E-4F1C-9F1E-1234567890AB}
		{5F2C7D1A-9B4E-4C2F-B3D5-8E9F0A1B2C3D} = {F9B4B8C2-2C7E-4F1C-9F1E-1234567890AB}
		{C14EEC1B-A1D5-4FFD-9A1B-155DC6A1B1F3} = {1A6EE2CC-713B-42A0-8241-92705EBA86A5}
		{27BF9325-6FDD-4C58-96EA-9139DE2ECB29} = {E6F4D9F0-9F2D-4D9B-8B6D-1234567890AB}
		{32C581FB-5674-418A-B5B8-B9F7A460F75A} = {D1267F64-3B2C-437E-228A-D79E2474394F}
		{89D12623-19B5-4F83-8636-C3DDE5A23A59} = {32C581FB-5674-418A-B5B8-B9F7A460F75A}
		{C6B67815-8B38-44A7-B58C-7F6B38B9E216} = {F410AE33-8CDA-F04C-0BCD-4DC1C99256E1}
		{7D411742-2E35-402B-940D-E4492BEB1F87} = {D1267F64-3B2C-437E-228A-D79E2474394F}
		{794CACBE-57E4-4F5E-A7CD-1A561EDEAFAC} = {7D411742-2E35-402B-940D-E4492BEB1F87}
		{B442D12D-C639-41E1-944E-D648DC5FA292} = {7D411742-2E35-402B-940D-E4492BEB1F87}
		{CE522E3C-DF2C-41B8-8E76-238ED2EE120C} = {3A0A877D-A9E7-4D88-9493-5224F86F19B0}
		{AB5A4F85-CB09-484F-B38F-EFC57A63043C} = {7D411742-2E35-402B-940D-E4492BEB1F87}
		{072F74E1-2450-48D3-A645-0ABEB61C0CFF} = {D1267F64-3B2C-437E-228A-D79E2474394F}
		{D848EF53-DB4F-4C10-9832-49436502FE47} = {072F74E1-2450-48D3-A645-0ABEB61C0CFF}
		{9B54AF7E-66E2-466D-8FF6-1AD262B89742} = {E6F4D9F0-9F2D-4D9B-8B6D-1234567890AB}
		{2DD30B80-363F-4E50-9A5E-A1CED73B5DE1} = {A8C91B12-3D4E-5F60-B7C8-D9E0F1A2B3C4}
		{ECC8405E-6F0D-40D0-8727-F16169170542} = {3A0A877D-A9E7-4D88-9493-5224F86F19B0}
		{E22D21F7-BD03-498E-B590-159B29A5E1A3} = {F9B4B8C2-2C7E-4F1C-9F1E-1234567890AB}
		{B6F2F2CB-A23F-4171-B187-25D16701BA56} = {07C2787E-EAC7-C090-1BA3-A61EC2A24D84}
	EndGlobalSection
	GlobalSection(ExtensibilityGlobals) = postSolution
		SolutionGuid = {3C4EAEAE-BCDB-4981-9B3C-20A16B1BE6AD}
	EndGlobalSection
EndGlobal
